
Microsoft Visual Studio Solution File, Format Version 12.00
# Visual Studio Version 16
VisualStudioVersion = 16.0.30523.141
MinimumVisualStudioVersion = 10.0.40219.1
Project("{FAE04EC0-301F-11D3-BF4B-00C04F79EFBC}") = "CharacterCreator.Winforms", "..\CharacterCreator.Winforms\CharacterCreator.Winforms.csproj", "{1CAD7C82-E8F0-46F4-A7F3-A1F05A51398A}"
EndProject
Project("{FAE04EC0-301F-11D3-BF4B-00C04F79EFBC}") = "CharacterCreator", "..\CharacterCreator\CharacterCreator\CharacterCreator.csproj", "{C8D111C8-4ADE-47A8-9488-2276BD0BE00B}"
EndProject
Global
	GlobalSection(SolutionConfigurationPlatforms) = preSolution
		Debug|Any CPU = Debug|Any CPU
		Release|Any CPU = Release|Any CPU
	EndGlobalSection
	GlobalSection(ProjectConfigurationPlatforms) = postSolution
		{1CAD7C82-E8F0-46F4-A7F3-A1F05A51398A}.Debug|Any CPU.ActiveCfg = Debug|Any CPU
		{1CAD7C82-E8F0-46F4-A7F3-A1F05A51398A}.Debug|Any CPU.Build.0 = Debug|Any CPU
		{1CAD7C82-E8F0-46F4-A7F3-A1F05A51398A}.Release|Any CPU.ActiveCfg = Release|Any CPU
		{1CAD7C82-E8F0-46F4-A7F3-A1F05A51398A}.Release|Any CPU.Build.0 = Release|Any CPU
		{C8D111C8-4ADE-47A8-9488-2276BD0BE00B}.Debug|Any CPU.ActiveCfg = Debug|Any CPU
		{C8D111C8-4ADE-47A8-9488-2276BD0BE00B}.Debug|Any CPU.Build.0 = Debug|Any CPU
		{C8D111C8-4ADE-47A8-9488-2276BD0BE00B}.Release|Any CPU.ActiveCfg = Release|Any CPU
		{C8D111C8-4ADE-47A8-9488-2276BD0BE00B}.Release|Any CPU.Build.0 = Release|Any CPU
	EndGlobalSection
	GlobalSection(SolutionProperties) = preSolution
		HideSolutionNode = FALSE
	EndGlobalSection
	GlobalSection(ExtensibilityGlobals) = postSolution
		SolutionGuid = {650A3656-DDDD-4ECC-9658-6A96806FF54D}
	EndGlobalSection
EndGlobal
