
Microsoft Visual Studio Solution File, Format Version 12.00
# Visual Studio Version 16
VisualStudioVersion = 16.0.30406.217
MinimumVisualStudioVersion = 10.0.40219.1
Project("{9A19103F-16F7-4668-BE54-9A1E7A4F7556}") = "MovieLibrary.ConsoleHost", "MovieLibrary.ConsoleHost\MovieLibrary.ConsoleHost.csproj", "{4A8A9D3B-C172-41B1-8273-2CBF1F878725}"
EndProject
Project("{9A19103F-16F7-4668-BE54-9A1E7A4F7556}") = "MovieLibrary.WinformsHost", "MovieLibrary.WinformsHost\MovieLibrary.WinformsHost.csproj", "{761F3029-0693-4D14-A8BA-1AFC9C2A0B7F}"
EndProject
Project("{9A19103F-16F7-4668-BE54-9A1E7A4F7556}") = "MovieLibrary", "MovieLibrary\MovieLibrary.csproj", "{34BF6B6F-0A87-4555-BBEF-53B0B05F109B}"
EndProject
Project("{2150E333-8FDC-42A3-9474-1A3956D46DE8}") = "UI", "UI", "{345768B6-EA33-448E-B7E8-D6A19D422811}"
EndProject
Project("{FAE04EC0-301F-11D3-BF4B-00C04F79EFBC}") = "MovieLibrary.SQL", "MovieLibrary.SQL\MovieLibrary.SQL.csproj", "{F4688DB0-C639-435F-8430-6740A2580225}"
EndProject
Project("{00D1A9C2-B5F0-4AF3-8072-F6C62B433612}") = "MovieDb", "MovieDb\MovieDb.sqlproj", "{BDE72751-B36A-499E-81E4-7FB8951B67F5}"
EndProject
Global
	GlobalSection(SolutionConfigurationPlatforms) = preSolution
		Debug|Any CPU = Debug|Any CPU
		Release|Any CPU = Release|Any CPU
	EndGlobalSection
	GlobalSection(ProjectConfigurationPlatforms) = postSolution
		{4A8A9D3B-C172-41B1-8273-2CBF1F878725}.Debug|Any CPU.ActiveCfg = Debug|Any CPU
		{4A8A9D3B-C172-41B1-8273-2CBF1F878725}.Debug|Any CPU.Build.0 = Debug|Any CPU
		{4A8A9D3B-C172-41B1-8273-2CBF1F878725}.Release|Any CPU.ActiveCfg = Release|Any CPU
		{4A8A9D3B-C172-41B1-8273-2CBF1F878725}.Release|Any CPU.Build.0 = Release|Any CPU
		{761F3029-0693-4D14-A8BA-1AFC9C2A0B7F}.Debug|Any CPU.ActiveCfg = Debug|Any CPU
		{761F3029-0693-4D14-A8BA-1AFC9C2A0B7F}.Debug|Any CPU.Build.0 = Debug|Any CPU
		{761F3029-0693-4D14-A8BA-1AFC9C2A0B7F}.Release|Any CPU.ActiveCfg = Release|Any CPU
		{761F3029-0693-4D14-A8BA-1AFC9C2A0B7F}.Release|Any CPU.Build.0 = Release|Any CPU
		{34BF6B6F-0A87-4555-BBEF-53B0B05F109B}.Debug|Any CPU.ActiveCfg = Debug|Any CPU
		{34BF6B6F-0A87-4555-BBEF-53B0B05F109B}.Debug|Any CPU.Build.0 = Debug|Any CPU
		{34BF6B6F-0A87-4555-BBEF-53B0B05F109B}.Release|Any CPU.ActiveCfg = Release|Any CPU
		{34BF6B6F-0A87-4555-BBEF-53B0B05F109B}.Release|Any CPU.Build.0 = Release|Any CPU
		{F4688DB0-C639-435F-8430-6740A2580225}.Debug|Any CPU.ActiveCfg = Debug|Any CPU
		{F4688DB0-C639-435F-8430-6740A2580225}.Debug|Any CPU.Build.0 = Debug|Any CPU
		{F4688DB0-C639-435F-8430-6740A2580225}.Release|Any CPU.ActiveCfg = Release|Any CPU
		{F4688DB0-C639-435F-8430-6740A2580225}.Release|Any CPU.Build.0 = Release|Any CPU
		{BDE72751-B36A-499E-81E4-7FB8951B67F5}.Debug|Any CPU.ActiveCfg = Debug|Any CPU
		{BDE72751-B36A-499E-81E4-7FB8951B67F5}.Debug|Any CPU.Build.0 = Debug|Any CPU
		{BDE72751-B36A-499E-81E4-7FB8951B67F5}.Debug|Any CPU.Deploy.0 = Debug|Any CPU
		{BDE72751-B36A-499E-81E4-7FB8951B67F5}.Release|Any CPU.ActiveCfg = Release|Any CPU
		{BDE72751-B36A-499E-81E4-7FB8951B67F5}.Release|Any CPU.Build.0 = Release|Any CPU
		{BDE72751-B36A-499E-81E4-7FB8951B67F5}.Release|Any CPU.Deploy.0 = Release|Any CPU
	EndGlobalSection
	GlobalSection(SolutionProperties) = preSolution
		HideSolutionNode = FALSE
	EndGlobalSection
	GlobalSection(NestedProjects) = preSolution
		{4A8A9D3B-C172-41B1-8273-2CBF1F878725} = {345768B6-EA33-448E-B7E8-D6A19D422811}
	EndGlobalSection
	GlobalSection(ExtensibilityGlobals) = postSolution
		SolutionGuid = {03E18F71-8C33-4256-BA2A-E8AA0CB28D01}
	EndGlobalSection
EndGlobal
